
Microsoft Visual Studio Solution File, Format Version 12.00
# Visual Studio 15
VisualStudioVersion = 15.0.27703.2042
MinimumVisualStudioVersion = 10.0.40219.1
Project("{FAE04EC0-301F-11D3-BF4B-00C04F79EFBC}") = "01 - Data Access Layer", "01 - Data Access Layer\01 - Data Access Layer.csproj", "{3E8EBB6C-3B02-4057-A237-EBAEC067711B}"
EndProject
Project("{FAE04EC0-301F-11D3-BF4B-00C04F79EFBC}") = "02 - Business Entity Layer", "02 - Business Entity Layer\02 - Business Entity Layer.csproj", "{DE50C8E8-EF7C-40F9-A70B-F8A05D796F21}"
EndProject
Project("{FAE04EC0-301F-11D3-BF4B-00C04F79EFBC}") = "03 - Business Logic Layer", "03 - Business Logic Layer\03 - Business Logic Layer.csproj", "{30682F53-D8D6-414F-95ED-124984BF2991}"
EndProject
Project("{FAE04EC0-301F-11D3-BF4B-00C04F79EFBC}") = "04 -  WebApi", "04 -  WebApi\04 -  WebApi.csproj", "{2E245442-2428-4EA7-8EF1-4F35D0685A40}"
EndProject
Global
	GlobalSection(SolutionConfigurationPlatforms) = preSolution
		Debug|Any CPU = Debug|Any CPU
		Release|Any CPU = Release|Any CPU
	EndGlobalSection
	GlobalSection(ProjectConfigurationPlatforms) = postSolution
		{3E8EBB6C-3B02-4057-A237-EBAEC067711B}.Debug|Any CPU.ActiveCfg = Debug|Any CPU
		{3E8EBB6C-3B02-4057-A237-EBAEC067711B}.Debug|Any CPU.Build.0 = Debug|Any CPU
		{3E8EBB6C-3B02-4057-A237-EBAEC067711B}.Release|Any CPU.ActiveCfg = Release|Any CPU
		{3E8EBB6C-3B02-4057-A237-EBAEC067711B}.Release|Any CPU.Build.0 = Release|Any CPU
		{DE50C8E8-EF7C-40F9-A70B-F8A05D796F21}.Debug|Any CPU.ActiveCfg = Debug|Any CPU
		{DE50C8E8-EF7C-40F9-A70B-F8A05D796F21}.Debug|Any CPU.Build.0 = Debug|Any CPU
		{DE50C8E8-EF7C-40F9-A70B-F8A05D796F21}.Release|Any CPU.ActiveCfg = Release|Any CPU
		{DE50C8E8-EF7C-40F9-A70B-F8A05D796F21}.Release|Any CPU.Build.0 = Release|Any CPU
		{30682F53-D8D6-414F-95ED-124984BF2991}.Debug|Any CPU.ActiveCfg = Debug|Any CPU
		{30682F53-D8D6-414F-95ED-124984BF2991}.Debug|Any CPU.Build.0 = Debug|Any CPU
		{30682F53-D8D6-414F-95ED-124984BF2991}.Release|Any CPU.ActiveCfg = Release|Any CPU
		{30682F53-D8D6-414F-95ED-124984BF2991}.Release|Any CPU.Build.0 = Release|Any CPU
		{2E245442-2428-4EA7-8EF1-4F35D0685A40}.Debug|Any CPU.ActiveCfg = Debug|Any CPU
		{2E245442-2428-4EA7-8EF1-4F35D0685A40}.Debug|Any CPU.Build.0 = Debug|Any CPU
		{2E245442-2428-4EA7-8EF1-4F35D0685A40}.Release|Any CPU.ActiveCfg = Release|Any CPU
		{2E245442-2428-4EA7-8EF1-4F35D0685A40}.Release|Any CPU.Build.0 = Release|Any CPU
	EndGlobalSection
	GlobalSection(SolutionProperties) = preSolution
		HideSolutionNode = FALSE
	EndGlobalSection
	GlobalSection(ExtensibilityGlobals) = postSolution
		SolutionGuid = {CAE52E28-8A60-415A-8C6B-6D0018F8C9F9}
	EndGlobalSection
EndGlobal
